
Microsoft Visual Studio Solution File, Format Version 12.00
# Visual Studio Version 17
VisualStudioVersion = 17.1.32328.378
MinimumVisualStudioVersion = 10.0.40219.1
Project("{FAE04EC0-301F-11D3-BF4B-00C04F79EFBC}") = "Gateway service", "Gateway service.csproj", "{22614BEF-86B6-4FDE-B0F7-750D9C28D5AF}"
EndProject
Global
	GlobalSection(SolutionConfigurationPlatforms) = preSolution
		Debug|Any CPU = Debug|Any CPU
		Release|Any CPU = Release|Any CPU
	EndGlobalSection
	GlobalSection(ProjectConfigurationPlatforms) = postSolution
		{22614BEF-86B6-4FDE-B0F7-750D9C28D5AF}.Debug|Any CPU.ActiveCfg = Debug|Any CPU
		{22614BEF-86B6-4FDE-B0F7-750D9C28D5AF}.Debug|Any CPU.Build.0 = Debug|Any CPU
		{22614BEF-86B6-4FDE-B0F7-750D9C28D5AF}.Release|Any CPU.ActiveCfg = Release|Any CPU
		{22614BEF-86B6-4FDE-B0F7-750D9C28D5AF}.Release|Any CPU.Build.0 = Release|Any CPU
	EndGlobalSection
	GlobalSection(SolutionProperties) = preSolution
		HideSolutionNode = FALSE
	EndGlobalSection
	GlobalSection(ExtensibilityGlobals) = postSolution
		SolutionGuid = {79F32608-E6A2-43D7-B4AA-661934DAA00A}
	EndGlobalSection
EndGlobal
